
Microsoft Visual Studio Solution File, Format Version 12.00
# Visual Studio 15
VisualStudioVersion = 15.0.26730.12
MinimumVisualStudioVersion = 10.0.40219.1
Project("{FAE04EC0-301F-11D3-BF4B-00C04F79EFBC}") = "Task 1", "Task 1\Task 1.csproj", "{B51710DD-65B7-41BF-BB1F-D21631B826E1}"
EndProject
Project("{FAE04EC0-301F-11D3-BF4B-00C04F79EFBC}") = "Task 2", "ConsoleApp1\Task 2.csproj", "{4C39CA4D-2C62-4178-AF5E-7C12103B0119}"
EndProject
Project("{FAE04EC0-301F-11D3-BF4B-00C04F79EFBC}") = "Task 3", "Task 3\Task 3.csproj", "{0E3DAC29-36BE-47E6-AA78-8191C9084DF6}"
EndProject
Global
	GlobalSection(SolutionConfigurationPlatforms) = preSolution
		Debug|Any CPU = Debug|Any CPU
		Release|Any CPU = Release|Any CPU
	EndGlobalSection
	GlobalSection(ProjectConfigurationPlatforms) = postSolution
		{B51710DD-65B7-41BF-BB1F-D21631B826E1}.Debug|Any CPU.ActiveCfg = Debug|Any CPU
		{B51710DD-65B7-41BF-BB1F-D21631B826E1}.Debug|Any CPU.Build.0 = Debug|Any CPU
		{B51710DD-65B7-41BF-BB1F-D21631B826E1}.Release|Any CPU.ActiveCfg = Release|Any CPU
		{B51710DD-65B7-41BF-BB1F-D21631B826E1}.Release|Any CPU.Build.0 = Release|Any CPU
		{4C39CA4D-2C62-4178-AF5E-7C12103B0119}.Debug|Any CPU.ActiveCfg = Debug|Any CPU
		{4C39CA4D-2C62-4178-AF5E-7C12103B0119}.Debug|Any CPU.Build.0 = Debug|Any CPU
		{4C39CA4D-2C62-4178-AF5E-7C12103B0119}.Release|Any CPU.ActiveCfg = Release|Any CPU
		{4C39CA4D-2C62-4178-AF5E-7C12103B0119}.Release|Any CPU.Build.0 = Release|Any CPU
		{0E3DAC29-36BE-47E6-AA78-8191C9084DF6}.Debug|Any CPU.ActiveCfg = Debug|Any CPU
		{0E3DAC29-36BE-47E6-AA78-8191C9084DF6}.Debug|Any CPU.Build.0 = Debug|Any CPU
		{0E3DAC29-36BE-47E6-AA78-8191C9084DF6}.Release|Any CPU.ActiveCfg = Release|Any CPU
		{0E3DAC29-36BE-47E6-AA78-8191C9084DF6}.Release|Any CPU.Build.0 = Release|Any CPU
	EndGlobalSection
	GlobalSection(SolutionProperties) = preSolution
		HideSolutionNode = FALSE
	EndGlobalSection
	GlobalSection(ExtensibilityGlobals) = postSolution
		SolutionGuid = {875B0EB9-ACC6-45C8-971A-8AF472C07B46}
	EndGlobalSection
EndGlobal
