
Microsoft Visual Studio Solution File, Format Version 12.00
# Visual Studio 15
VisualStudioVersion = 15.0.26730.16
MinimumVisualStudioVersion = 10.0.40219.1
Project("{FAE04EC0-301F-11D3-BF4B-00C04F79EFBC}") = "30.09.17", "30.09.17\30.09.17.csproj", "{016B4FF4-A4A0-4F4A-BCE0-17BE02AC8C3C}"
EndProject
Project("{FAE04EC0-301F-11D3-BF4B-00C04F79EFBC}") = "Task 2", "Task 2\Task 2.csproj", "{8DA18695-CB5D-4BD3-9414-14DB0710458F}"
EndProject
Project("{FAE04EC0-301F-11D3-BF4B-00C04F79EFBC}") = "Task 3", "Task 3\Task 3.csproj", "{C97B8B7A-5BE6-4E0F-ADF2-E3F6A04DCB1F}"
EndProject
Project("{FAE04EC0-301F-11D3-BF4B-00C04F79EFBC}") = "Task 4", "Task 4\Task 4.csproj", "{4BA8F035-5EEB-40D7-93C9-CADABECC039D}"
EndProject
Project("{FAE04EC0-301F-11D3-BF4B-00C04F79EFBC}") = "Task 5", "Task 5\Task 5.csproj", "{0E351989-8DA6-43CB-B211-0A4E677B4BCA}"
EndProject
Project("{FAE04EC0-301F-11D3-BF4B-00C04F79EFBC}") = "Task 5.5", "Task 5.5\Task 5.5.csproj", "{457353DC-FEC5-47D5-A014-4BB92E626134}"
EndProject
Project("{FAE04EC0-301F-11D3-BF4B-00C04F79EFBC}") = "Task 6", "Task 6\Task 6.csproj", "{04016EFF-E95C-4A60-A67B-9FB52548CF25}"
EndProject
Project("{FAE04EC0-301F-11D3-BF4B-00C04F79EFBC}") = "Task 7", "Task 7\Task 7.csproj", "{928F2BDA-EFB9-4DEA-8435-F93D6EE6E0C3}"
EndProject
Project("{FAE04EC0-301F-11D3-BF4B-00C04F79EFBC}") = "Task 8", "Task 8\Task 8.csproj", "{0D4F5DD1-27C7-4345-985E-407465B28748}"
EndProject
Global
	GlobalSection(SolutionConfigurationPlatforms) = preSolution
		Debug|Any CPU = Debug|Any CPU
		Release|Any CPU = Release|Any CPU
	EndGlobalSection
	GlobalSection(ProjectConfigurationPlatforms) = postSolution
		{016B4FF4-A4A0-4F4A-BCE0-17BE02AC8C3C}.Debug|Any CPU.ActiveCfg = Debug|Any CPU
		{016B4FF4-A4A0-4F4A-BCE0-17BE02AC8C3C}.Debug|Any CPU.Build.0 = Debug|Any CPU
		{016B4FF4-A4A0-4F4A-BCE0-17BE02AC8C3C}.Release|Any CPU.ActiveCfg = Release|Any CPU
		{016B4FF4-A4A0-4F4A-BCE0-17BE02AC8C3C}.Release|Any CPU.Build.0 = Release|Any CPU
		{8DA18695-CB5D-4BD3-9414-14DB0710458F}.Debug|Any CPU.ActiveCfg = Debug|Any CPU
		{8DA18695-CB5D-4BD3-9414-14DB0710458F}.Debug|Any CPU.Build.0 = Debug|Any CPU
		{8DA18695-CB5D-4BD3-9414-14DB0710458F}.Release|Any CPU.ActiveCfg = Release|Any CPU
		{8DA18695-CB5D-4BD3-9414-14DB0710458F}.Release|Any CPU.Build.0 = Release|Any CPU
		{C97B8B7A-5BE6-4E0F-ADF2-E3F6A04DCB1F}.Debug|Any CPU.ActiveCfg = Debug|Any CPU
		{C97B8B7A-5BE6-4E0F-ADF2-E3F6A04DCB1F}.Debug|Any CPU.Build.0 = Debug|Any CPU
		{C97B8B7A-5BE6-4E0F-ADF2-E3F6A04DCB1F}.Release|Any CPU.ActiveCfg = Release|Any CPU
		{C97B8B7A-5BE6-4E0F-ADF2-E3F6A04DCB1F}.Release|Any CPU.Build.0 = Release|Any CPU
		{4BA8F035-5EEB-40D7-93C9-CADABECC039D}.Debug|Any CPU.ActiveCfg = Debug|Any CPU
		{4BA8F035-5EEB-40D7-93C9-CADABECC039D}.Debug|Any CPU.Build.0 = Debug|Any CPU
		{4BA8F035-5EEB-40D7-93C9-CADABECC039D}.Release|Any CPU.ActiveCfg = Release|Any CPU
		{4BA8F035-5EEB-40D7-93C9-CADABECC039D}.Release|Any CPU.Build.0 = Release|Any CPU
		{0E351989-8DA6-43CB-B211-0A4E677B4BCA}.Debug|Any CPU.ActiveCfg = Debug|Any CPU
		{0E351989-8DA6-43CB-B211-0A4E677B4BCA}.Debug|Any CPU.Build.0 = Debug|Any CPU
		{0E351989-8DA6-43CB-B211-0A4E677B4BCA}.Release|Any CPU.ActiveCfg = Release|Any CPU
		{0E351989-8DA6-43CB-B211-0A4E677B4BCA}.Release|Any CPU.Build.0 = Release|Any CPU
		{457353DC-FEC5-47D5-A014-4BB92E626134}.Debug|Any CPU.ActiveCfg = Debug|Any CPU
		{457353DC-FEC5-47D5-A014-4BB92E626134}.Debug|Any CPU.Build.0 = Debug|Any CPU
		{457353DC-FEC5-47D5-A014-4BB92E626134}.Release|Any CPU.ActiveCfg = Release|Any CPU
		{457353DC-FEC5-47D5-A014-4BB92E626134}.Release|Any CPU.Build.0 = Release|Any CPU
		{04016EFF-E95C-4A60-A67B-9FB52548CF25}.Debug|Any CPU.ActiveCfg = Debug|Any CPU
		{04016EFF-E95C-4A60-A67B-9FB52548CF25}.Debug|Any CPU.Build.0 = Debug|Any CPU
		{04016EFF-E95C-4A60-A67B-9FB52548CF25}.Release|Any CPU.ActiveCfg = Release|Any CPU
		{04016EFF-E95C-4A60-A67B-9FB52548CF25}.Release|Any CPU.Build.0 = Release|Any CPU
		{928F2BDA-EFB9-4DEA-8435-F93D6EE6E0C3}.Debug|Any CPU.ActiveCfg = Debug|Any CPU
		{928F2BDA-EFB9-4DEA-8435-F93D6EE6E0C3}.Debug|Any CPU.Build.0 = Debug|Any CPU
		{928F2BDA-EFB9-4DEA-8435-F93D6EE6E0C3}.Release|Any CPU.ActiveCfg = Release|Any CPU
		{928F2BDA-EFB9-4DEA-8435-F93D6EE6E0C3}.Release|Any CPU.Build.0 = Release|Any CPU
		{0D4F5DD1-27C7-4345-985E-407465B28748}.Debug|Any CPU.ActiveCfg = Debug|Any CPU
		{0D4F5DD1-27C7-4345-985E-407465B28748}.Debug|Any CPU.Build.0 = Debug|Any CPU
		{0D4F5DD1-27C7-4345-985E-407465B28748}.Release|Any CPU.ActiveCfg = Release|Any CPU
		{0D4F5DD1-27C7-4345-985E-407465B28748}.Release|Any CPU.Build.0 = Release|Any CPU
	EndGlobalSection
	GlobalSection(SolutionProperties) = preSolution
		HideSolutionNode = FALSE
	EndGlobalSection
	GlobalSection(ExtensibilityGlobals) = postSolution
		SolutionGuid = {E44602FD-2D44-443B-A9C8-A79DBA2553B1}
	EndGlobalSection
EndGlobal
